Microsoft Visual Studio Solution File, Format Version 12.00
# Visual Studio 15
Project("{8BC9CEB8-8B4A-11D0-8D11-00A0C91BC942}") = "ALL_BUILD", "ALL_BUILD.vcxproj", "{B86D783F-2824-3DFF-B8F4-C27B94D97F94}"
	ProjectSection(ProjectDependencies) = postProject
		{28FFFAC0-ED80-3963-9523-98E6EAD7584A} = {28FFFAC0-ED80-3963-9523-98E6EAD7584A}
		{63CE0052-A3AF-38BC-8708-B4B4982AC3FE} = {63CE0052-A3AF-38BC-8708-B4B4982AC3FE}
		{0D10C081-C6A4-31EA-A97F-FF4089FF6A58} = {0D10C081-C6A4-31EA-A97F-FF4089FF6A58}
		{158FED03-CFE3-3AB5-852D-BC994768FF08} = {158FED03-CFE3-3AB5-852D-BC994768FF08}
		{3908E4E6-E417-351F-B587-02B1AB5603CC} = {3908E4E6-E417-351F-B587-02B1AB5603CC}
		{1C7E02BA-F8BE-33DA-90C1-F83C63DA0A33} = {1C7E02BA-F8BE-33DA-90C1-F83C63DA0A33}
		{F26DAD86-4874-30E9-8AC9-528C045197E9} = {F26DAD86-4874-30E9-8AC9-528C045197E9}
		{67D9026B-DA6A-3FCD-AC20-60AC74F57148} = {67D9026B-DA6A-3FCD-AC20-60AC74F57148}
		{A04ACBCC-1255-3C57-9487-303C5E0C6F7C} = {A04ACBCC-1255-3C57-9487-303C5E0C6F7C}
		{CB1BEAD8-2F1E-311A-B8EA-53BC9EE4585E} = {CB1BEAD8-2F1E-311A-B8EA-53BC9EE4585E}
		{C0FBD1A0-FF4F-3EB1-B395-CD276598E3D9} = {C0FBD1A0-FF4F-3EB1-B395-CD276598E3D9}
		{7EB96452-4BCA-33E5-90BD-5F82118D9F38} = {7EB96452-4BCA-33E5-90BD-5F82118D9F38}
		{94BC72E3-1870-36D0-88F1-376160D3CB25} = {94BC72E3-1870-36D0-88F1-376160D3CB25}
		{E63E851C-0D0F-34A4-83AB-141CA832ECC3} = {E63E851C-0D0F-34A4-83AB-141CA832ECC3}
		{7F5320A9-7C9B-3034-B885-FAA4CAF0001C} = {7F5320A9-7C9B-3034-B885-FAA4CAF0001C}
		{0638E393-AFB6-3FDD-AB9B-41907C05CDE2} = {0638E393-AFB6-3FDD-AB9B-41907C05CDE2}
		{B7EB626D-DF7E-3023-92C8-4DF0D58A3F1C} = {B7EB626D-DF7E-3023-92C8-4DF0D58A3F1C}
		{013B4BC1-3E7C-3658-9FDA-A6C2B2216EC9} = {013B4BC1-3E7C-3658-9FDA-A6C2B2216EC9}
		{19B27695-DC80-3A68-B9F4-98410F66D7CB} = {19B27695-DC80-3A68-B9F4-98410F66D7CB}
		{AAE05F0F-AE8F-30D9-AD8A-30B21FE1C9CD} = {AAE05F0F-AE8F-30D9-AD8A-30B21FE1C9CD}
		{00C4A452-C39E-3817-9BD0-123FF4CD3C9A} = {00C4A452-C39E-3817-9BD0-123FF4CD3C9A}
		{40CBFC92-705E-34D2-B4D3-5D880D95AA32} = {40CBFC92-705E-34D2-B4D3-5D880D95AA32}
		{536458CA-B4F4-3712-AFB1-FCEA2BCAACE4} = {536458CA-B4F4-3712-AFB1-FCEA2BCAACE4}
		{5D8281DD-95E1-3FA5-B3DA-C5A07A96E2E4} = {5D8281DD-95E1-3FA5-B3DA-C5A07A96E2E4}
		{E3DA23D8-C4BE-3AC3-B522-A446E65C1517} = {E3DA23D8-C4BE-3AC3-B522-A446E65C1517}
	EndProjectSection
EndProject
Project("{8BC9CEB8-8B4A-11D0-8D11-00A0C91BC942}") = "ZERO_CHECK", "ZERO_CHECK.vcxproj", "{28FFFAC0-ED80-3963-9523-98E6EAD7584A}"
	ProjectSection(ProjectDependencies) = postProject
	EndProjectSection
EndProject
Project("{8BC9CEB8-8B4A-11D0-8D11-00A0C91BC942}") = "_02_02_monte-carlo-pi_atomics", "labs\lab02\exercises\_02_02_monte-carlo-pi_atomics.vcxproj", "{63CE0052-A3AF-38BC-8708-B4B4982AC3FE}"
	ProjectSection(ProjectDependencies) = postProject
		{28FFFAC0-ED80-3963-9523-98E6EAD7584A} = {28FFFAC0-ED80-3963-9523-98E6EAD7584A}
	EndProjectSection
EndProject
Project("{8BC9CEB8-8B4A-11D0-8D11-00A0C91BC942}") = "_monte-carlo-pi-value", "labs\lab01\exercises\_monte-carlo-pi-value.vcxproj", "{0D10C081-C6A4-31EA-A97F-FF4089FF6A58}"
	ProjectSection(ProjectDependencies) = postProject
		{28FFFAC0-ED80-3963-9523-98E6EAD7584A} = {28FFFAC0-ED80-3963-9523-98E6EAD7584A}
	EndProjectSection
EndProject
Project("{8BC9CEB8-8B4A-11D0-8D11-00A0C91BC942}") = "atomic-flag", "labs\lab02\atomic-flag.vcxproj", "{158FED03-CFE3-3AB5-852D-BC994768FF08}"
	ProjectSection(ProjectDependencies) = postProject
		{28FFFAC0-ED80-3963-9523-98E6EAD7584A} = {28FFFAC0-ED80-3963-9523-98E6EAD7584A}
	EndProjectSection
EndProject
Project("{8BC9CEB8-8B4A-11D0-8D11-00A0C91BC942}") = "bubble-sort", "labs\lab03\bubble-sort.vcxproj", "{3908E4E6-E417-351F-B587-02B1AB5603CC}"
	ProjectSection(ProjectDependencies) = postProject
		{28FFFAC0-ED80-3963-9523-98E6EAD7584A} = {28FFFAC0-ED80-3963-9523-98E6EAD7584A}
	EndProjectSection
EndProject
Project("{8BC9CEB8-8B4A-11D0-8D11-00A0C91BC942}") = "condition-variable", "labs\lab02\condition-variable.vcxproj", "{1C7E02BA-F8BE-33DA-90C1-F83C63DA0A33}"
	ProjectSection(ProjectDependencies) = postProject
		{28FFFAC0-ED80-3963-9523-98E6EAD7584A} = {28FFFAC0-ED80-3963-9523-98E6EAD7584A}
	EndProjectSection
EndProject
Project("{8BC9CEB8-8B4A-11D0-8D11-00A0C91BC942}") = "find-max", "labs\lab02\find-max.vcxproj", "{F26DAD86-4874-30E9-8AC9-528C045197E9}"
	ProjectSection(ProjectDependencies) = postProject
		{28FFFAC0-ED80-3963-9523-98E6EAD7584A} = {28FFFAC0-ED80-3963-9523-98E6EAD7584A}
	EndProjectSection
EndProject
Project("{8BC9CEB8-8B4A-11D0-8D11-00A0C91BC942}") = "guarded", "labs\lab02\guarded.vcxproj", "{67D9026B-DA6A-3FCD-AC20-60AC74F57148}"
	ProjectSection(ProjectDependencies) = postProject
		{28FFFAC0-ED80-3963-9523-98E6EAD7584A} = {28FFFAC0-ED80-3963-9523-98E6EAD7584A}
	EndProjectSection
EndProject
Project("{8BC9CEB8-8B4A-11D0-8D11-00A0C91BC942}") = "hello-openmp", "labs\lab03\hello-openmp.vcxproj", "{A04ACBCC-1255-3C57-9487-303C5E0C6F7C}"
	ProjectSection(ProjectDependencies) = postProject
		{28FFFAC0-ED80-3963-9523-98E6EAD7584A} = {28FFFAC0-ED80-3963-9523-98E6EAD7584A}
	EndProjectSection
EndProject
Project("{8BC9CEB8-8B4A-11D0-8D11-00A0C91BC942}") = "hello_world", "labs\lab01\hello_world.vcxproj", "{CB1BEAD8-2F1E-311A-B8EA-53BC9EE4585E}"
	ProjectSection(ProjectDependencies) = postProject
		{28FFFAC0-ED80-3963-9523-98E6EAD7584A} = {28FFFAC0-ED80-3963-9523-98E6EAD7584A}
	EndProjectSection
EndProject
Project("{8BC9CEB8-8B4A-11D0-8D11-00A0C91BC942}") = "increment", "labs\lab02\increment.vcxproj", "{C0FBD1A0-FF4F-3EB1-B395-CD276598E3D9}"
	ProjectSection(ProjectDependencies) = postProject
		{28FFFAC0-ED80-3963-9523-98E6EAD7584A} = {28FFFAC0-ED80-3963-9523-98E6EAD7584A}
	EndProjectSection
EndProject
Project("{8BC9CEB8-8B4A-11D0-8D11-00A0C91BC942}") = "increment-atomic", "labs\lab02\increment-atomic.vcxproj", "{7EB96452-4BCA-33E5-90BD-5F82118D9F38}"
	ProjectSection(ProjectDependencies) = postProject
		{28FFFAC0-ED80-3963-9523-98E6EAD7584A} = {28FFFAC0-ED80-3963-9523-98E6EAD7584A}
	EndProjectSection
EndProject
Project("{8BC9CEB8-8B4A-11D0-8D11-00A0C91BC942}") = "increment-guarded", "labs\lab02\increment-guarded.vcxproj", "{94BC72E3-1870-36D0-88F1-376160D3CB25}"
	ProjectSection(ProjectDependencies) = postProject
		{28FFFAC0-ED80-3963-9523-98E6EAD7584A} = {28FFFAC0-ED80-3963-9523-98E6EAD7584A}
	EndProjectSection
EndProject
Project("{8BC9CEB8-8B4A-11D0-8D11-00A0C91BC942}") = "increment-mutex", "labs\lab02\increment-mutex.vcxproj", "{E63E851C-0D0F-34A4-83AB-141CA832ECC3}"
	ProjectSection(ProjectDependencies) = postProject
		{28FFFAC0-ED80-3963-9523-98E6EAD7584A} = {28FFFAC0-ED80-3963-9523-98E6EAD7584A}
	EndProjectSection
EndProject
Project("{8BC9CEB8-8B4A-11D0-8D11-00A0C91BC942}") = "lambda", "labs\lab01\lambda.vcxproj", "{7F5320A9-7C9B-3034-B885-FAA4CAF0001C}"
	ProjectSection(ProjectDependencies) = postProject
		{28FFFAC0-ED80-3963-9523-98E6EAD7584A} = {28FFFAC0-ED80-3963-9523-98E6EAD7584A}
	EndProjectSection
EndProject
Project("{8BC9CEB8-8B4A-11D0-8D11-00A0C91BC942}") = "lambda-thread", "labs\lab01\lambda-thread.vcxproj", "{0638E393-AFB6-3FDD-AB9B-41907C05CDE2}"
	ProjectSection(ProjectDependencies) = postProject
		{28FFFAC0-ED80-3963-9523-98E6EAD7584A} = {28FFFAC0-ED80-3963-9523-98E6EAD7584A}
	EndProjectSection
EndProject
Project("{8BC9CEB8-8B4A-11D0-8D11-00A0C91BC942}") = "monte-carlo-future", "labs\lab02\monte-carlo-future.vcxproj", "{B7EB626D-DF7E-3023-92C8-4DF0D58A3F1C}"
	ProjectSection(ProjectDependencies) = postProject
		{28FFFAC0-ED80-3963-9523-98E6EAD7584A} = {28FFFAC0-ED80-3963-9523-98E6EAD7584A}
	EndProjectSection
EndProject
Project("{8BC9CEB8-8B4A-11D0-8D11-00A0C91BC942}") = "monte-carlo-pi", "labs\lab01\monte-carlo-pi.vcxproj", "{013B4BC1-3E7C-3658-9FDA-A6C2B2216EC9}"
	ProjectSection(ProjectDependencies) = postProject
		{28FFFAC0-ED80-3963-9523-98E6EAD7584A} = {28FFFAC0-ED80-3963-9523-98E6EAD7584A}
	EndProjectSection
EndProject
Project("{8BC9CEB8-8B4A-11D0-8D11-00A0C91BC942}") = "multiple_tasks", "labs\lab01\multiple_tasks.vcxproj", "{19B27695-DC80-3A68-B9F4-98410F66D7CB}"
	ProjectSection(ProjectDependencies) = postProject
		{28FFFAC0-ED80-3963-9523-98E6EAD7584A} = {28FFFAC0-ED80-3963-9523-98E6EAD7584A}
	EndProjectSection
EndProject
Project("{8BC9CEB8-8B4A-11D0-8D11-00A0C91BC942}") = "parallel-sort", "labs\lab03\parallel-sort.vcxproj", "{AAE05F0F-AE8F-30D9-AD8A-30B21FE1C9CD}"
	ProjectSection(ProjectDependencies) = postProject
		{28FFFAC0-ED80-3963-9523-98E6EAD7584A} = {28FFFAC0-ED80-3963-9523-98E6EAD7584A}
	EndProjectSection
EndProject
Project("{8BC9CEB8-8B4A-11D0-8D11-00A0C91BC942}") = "parameter_thread", "labs\lab01\parameter_thread.vcxproj", "{00C4A452-C39E-3817-9BD0-123FF4CD3C9A}"
	ProjectSection(ProjectDependencies) = postProject
		{28FFFAC0-ED80-3963-9523-98E6EAD7584A} = {28FFFAC0-ED80-3963-9523-98E6EAD7584A}
	EndProjectSection
EndProject
Project("{8BC9CEB8-8B4A-11D0-8D11-00A0C91BC942}") = "pi-openmp", "labs\lab03\pi-openmp.vcxproj", "{40CBFC92-705E-34D2-B4D3-5D880D95AA32}"
	ProjectSection(ProjectDependencies) = postProject
		{28FFFAC0-ED80-3963-9523-98E6EAD7584A} = {28FFFAC0-ED80-3963-9523-98E6EAD7584A}
	EndProjectSection
EndProject
Project("{8BC9CEB8-8B4A-11D0-8D11-00A0C91BC942}") = "scheduler-test", "labs\lab03\scheduler-test.vcxproj", "{536458CA-B4F4-3712-AFB1-FCEA2BCAACE4}"
	ProjectSection(ProjectDependencies) = postProject
		{28FFFAC0-ED80-3963-9523-98E6EAD7584A} = {28FFFAC0-ED80-3963-9523-98E6EAD7584A}
	EndProjectSection
EndProject
Project("{8BC9CEB8-8B4A-11D0-8D11-00A0C91BC942}") = "timing", "labs\lab01\timing.vcxproj", "{5D8281DD-95E1-3FA5-B3DA-C5A07A96E2E4}"
	ProjectSection(ProjectDependencies) = postProject
		{28FFFAC0-ED80-3963-9523-98E6EAD7584A} = {28FFFAC0-ED80-3963-9523-98E6EAD7584A}
	EndProjectSection
EndProject
Project("{8BC9CEB8-8B4A-11D0-8D11-00A0C91BC942}") = "trapezoidal", "labs\lab03\trapezoidal.vcxproj", "{E3DA23D8-C4BE-3AC3-B522-A446E65C1517}"
	ProjectSection(ProjectDependencies) = postProject
		{28FFFAC0-ED80-3963-9523-98E6EAD7584A} = {28FFFAC0-ED80-3963-9523-98E6EAD7584A}
	EndProjectSection
EndProject
Global
	GlobalSection(SolutionConfigurationPlatforms) = preSolution
		Debug|Win32 = Debug|Win32
		Release|Win32 = Release|Win32
		MinSizeRel|Win32 = MinSizeRel|Win32
		RelWithDebInfo|Win32 = RelWithDebInfo|Win32
	EndGlobalSection
	GlobalSection(ProjectConfigurationPlatforms) = postSolution
		{B86D783F-2824-3DFF-B8F4-C27B94D97F94}.Debug|Win32.ActiveCfg = Debug|Win32
		{B86D783F-2824-3DFF-B8F4-C27B94D97F94}.Release|Win32.ActiveCfg = Release|Win32
		{B86D783F-2824-3DFF-B8F4-C27B94D97F94}.MinSizeRel|Win32.ActiveCfg = MinSizeRel|Win32
		{B86D783F-2824-3DFF-B8F4-C27B94D97F94}.RelWithDebInfo|Win32.ActiveCfg = RelWithDebInfo|Win32
		{28FFFAC0-ED80-3963-9523-98E6EAD7584A}.Debug|Win32.ActiveCfg = Debug|Win32
		{28FFFAC0-ED80-3963-9523-98E6EAD7584A}.Debug|Win32.Build.0 = Debug|Win32
		{28FFFAC0-ED80-3963-9523-98E6EAD7584A}.Release|Win32.ActiveCfg = Release|Win32
		{28FFFAC0-ED80-3963-9523-98E6EAD7584A}.Release|Win32.Build.0 = Release|Win32
		{28FFFAC0-ED80-3963-9523-98E6EAD7584A}.MinSizeRel|Win32.ActiveCfg = MinSizeRel|Win32
		{28FFFAC0-ED80-3963-9523-98E6EAD7584A}.MinSizeRel|Win32.Build.0 = MinSizeRel|Win32
		{28FFFAC0-ED80-3963-9523-98E6EAD7584A}.RelWithDebInfo|Win32.ActiveCfg = RelWithDebInfo|Win32
		{28FFFAC0-ED80-3963-9523-98E6EAD7584A}.RelWithDebInfo|Win32.Build.0 = RelWithDebInfo|Win32
		{63CE0052-A3AF-38BC-8708-B4B4982AC3FE}.Debug|Win32.ActiveCfg = Debug|Win32
		{63CE0052-A3AF-38BC-8708-B4B4982AC3FE}.Debug|Win32.Build.0 = Debug|Win32
		{63CE0052-A3AF-38BC-8708-B4B4982AC3FE}.Release|Win32.ActiveCfg = Release|Win32
		{63CE0052-A3AF-38BC-8708-B4B4982AC3FE}.Release|Win32.Build.0 = Release|Win32
		{63CE0052-A3AF-38BC-8708-B4B4982AC3FE}.MinSizeRel|Win32.ActiveCfg = MinSizeRel|Win32
		{63CE0052-A3AF-38BC-8708-B4B4982AC3FE}.MinSizeRel|Win32.Build.0 = MinSizeRel|Win32
		{63CE0052-A3AF-38BC-8708-B4B4982AC3FE}.RelWithDebInfo|Win32.ActiveCfg = RelWithDebInfo|Win32
		{63CE0052-A3AF-38BC-8708-B4B4982AC3FE}.RelWithDebInfo|Win32.Build.0 = RelWithDebInfo|Win32
		{0D10C081-C6A4-31EA-A97F-FF4089FF6A58}.Debug|Win32.ActiveCfg = Debug|Win32
		{0D10C081-C6A4-31EA-A97F-FF4089FF6A58}.Debug|Win32.Build.0 = Debug|Win32
		{0D10C081-C6A4-31EA-A97F-FF4089FF6A58}.Release|Win32.ActiveCfg = Release|Win32
		{0D10C081-C6A4-31EA-A97F-FF4089FF6A58}.Release|Win32.Build.0 = Release|Win32
		{0D10C081-C6A4-31EA-A97F-FF4089FF6A58}.MinSizeRel|Win32.ActiveCfg = MinSizeRel|Win32
		{0D10C081-C6A4-31EA-A97F-FF4089FF6A58}.MinSizeRel|Win32.Build.0 = MinSizeRel|Win32
		{0D10C081-C6A4-31EA-A97F-FF4089FF6A58}.RelWithDebInfo|Win32.ActiveCfg = RelWithDebInfo|Win32
		{0D10C081-C6A4-31EA-A97F-FF4089FF6A58}.RelWithDebInfo|Win32.Build.0 = RelWithDebInfo|Win32
		{158FED03-CFE3-3AB5-852D-BC994768FF08}.Debug|Win32.ActiveCfg = Debug|Win32
		{158FED03-CFE3-3AB5-852D-BC994768FF08}.Debug|Win32.Build.0 = Debug|Win32
		{158FED03-CFE3-3AB5-852D-BC994768FF08}.Release|Win32.ActiveCfg = Release|Win32
		{158FED03-CFE3-3AB5-852D-BC994768FF08}.Release|Win32.Build.0 = Release|Win32
		{158FED03-CFE3-3AB5-852D-BC994768FF08}.MinSizeRel|Win32.ActiveCfg = MinSizeRel|Win32
		{158FED03-CFE3-3AB5-852D-BC994768FF08}.MinSizeRel|Win32.Build.0 = MinSizeRel|Win32
		{158FED03-CFE3-3AB5-852D-BC994768FF08}.RelWithDebInfo|Win32.ActiveCfg = RelWithDebInfo|Win32
		{158FED03-CFE3-3AB5-852D-BC994768FF08}.RelWithDebInfo|Win32.Build.0 = RelWithDebInfo|Win32
		{3908E4E6-E417-351F-B587-02B1AB5603CC}.Debug|Win32.ActiveCfg = Debug|Win32
		{3908E4E6-E417-351F-B587-02B1AB5603CC}.Debug|Win32.Build.0 = Debug|Win32
		{3908E4E6-E417-351F-B587-02B1AB5603CC}.Release|Win32.ActiveCfg = Release|Win32
		{3908E4E6-E417-351F-B587-02B1AB5603CC}.Release|Win32.Build.0 = Release|Win32
		{3908E4E6-E417-351F-B587-02B1AB5603CC}.MinSizeRel|Win32.ActiveCfg = MinSizeRel|Win32
		{3908E4E6-E417-351F-B587-02B1AB5603CC}.MinSizeRel|Win32.Build.0 = MinSizeRel|Win32
		{3908E4E6-E417-351F-B587-02B1AB5603CC}.RelWithDebInfo|Win32.ActiveCfg = RelWithDebInfo|Win32
		{3908E4E6-E417-351F-B587-02B1AB5603CC}.RelWithDebInfo|Win32.Build.0 = RelWithDebInfo|Win32
		{1C7E02BA-F8BE-33DA-90C1-F83C63DA0A33}.Debug|Win32.ActiveCfg = Debug|Win32
		{1C7E02BA-F8BE-33DA-90C1-F83C63DA0A33}.Debug|Win32.Build.0 = Debug|Win32
		{1C7E02BA-F8BE-33DA-90C1-F83C63DA0A33}.Release|Win32.ActiveCfg = Release|Win32
		{1C7E02BA-F8BE-33DA-90C1-F83C63DA0A33}.Release|Win32.Build.0 = Release|Win32
		{1C7E02BA-F8BE-33DA-90C1-F83C63DA0A33}.MinSizeRel|Win32.ActiveCfg = MinSizeRel|Win32
		{1C7E02BA-F8BE-33DA-90C1-F83C63DA0A33}.MinSizeRel|Win32.Build.0 = MinSizeRel|Win32
		{1C7E02BA-F8BE-33DA-90C1-F83C63DA0A33}.RelWithDebInfo|Win32.ActiveCfg = RelWithDebInfo|Win32
		{1C7E02BA-F8BE-33DA-90C1-F83C63DA0A33}.RelWithDebInfo|Win32.Build.0 = RelWithDebInfo|Win32
		{F26DAD86-4874-30E9-8AC9-528C045197E9}.Debug|Win32.ActiveCfg = Debug|Win32
		{F26DAD86-4874-30E9-8AC9-528C045197E9}.Debug|Win32.Build.0 = Debug|Win32
		{F26DAD86-4874-30E9-8AC9-528C045197E9}.Release|Win32.ActiveCfg = Release|Win32
		{F26DAD86-4874-30E9-8AC9-528C045197E9}.Release|Win32.Build.0 = Release|Win32
		{F26DAD86-4874-30E9-8AC9-528C045197E9}.MinSizeRel|Win32.ActiveCfg = MinSizeRel|Win32
		{F26DAD86-4874-30E9-8AC9-528C045197E9}.MinSizeRel|Win32.Build.0 = MinSizeRel|Win32
		{F26DAD86-4874-30E9-8AC9-528C045197E9}.RelWithDebInfo|Win32.ActiveCfg = RelWithDebInfo|Win32
		{F26DAD86-4874-30E9-8AC9-528C045197E9}.RelWithDebInfo|Win32.Build.0 = RelWithDebInfo|Win32
		{67D9026B-DA6A-3FCD-AC20-60AC74F57148}.Debug|Win32.ActiveCfg = Debug|Win32
		{67D9026B-DA6A-3FCD-AC20-60AC74F57148}.Debug|Win32.Build.0 = Debug|Win32
		{67D9026B-DA6A-3FCD-AC20-60AC74F57148}.Release|Win32.ActiveCfg = Release|Win32
		{67D9026B-DA6A-3FCD-AC20-60AC74F57148}.Release|Win32.Build.0 = Release|Win32
		{67D9026B-DA6A-3FCD-AC20-60AC74F57148}.MinSizeRel|Win32.ActiveCfg = MinSizeRel|Win32
		{67D9026B-DA6A-3FCD-AC20-60AC74F57148}.MinSizeRel|Win32.Build.0 = MinSizeRel|Win32
		{67D9026B-DA6A-3FCD-AC20-60AC74F57148}.RelWithDebInfo|Win32.ActiveCfg = RelWithDebInfo|Win32
		{67D9026B-DA6A-3FCD-AC20-60AC74F57148}.RelWithDebInfo|Win32.Build.0 = RelWithDebInfo|Win32
		{A04ACBCC-1255-3C57-9487-303C5E0C6F7C}.Debug|Win32.ActiveCfg = Debug|Win32
		{A04ACBCC-1255-3C57-9487-303C5E0C6F7C}.Debug|Win32.Build.0 = Debug|Win32
		{A04ACBCC-1255-3C57-9487-303C5E0C6F7C}.Release|Win32.ActiveCfg = Release|Win32
		{A04ACBCC-1255-3C57-9487-303C5E0C6F7C}.Release|Win32.Build.0 = Release|Win32
		{A04ACBCC-1255-3C57-9487-303C5E0C6F7C}.MinSizeRel|Win32.ActiveCfg = MinSizeRel|Win32
		{A04ACBCC-1255-3C57-9487-303C5E0C6F7C}.MinSizeRel|Win32.Build.0 = MinSizeRel|Win32
		{A04ACBCC-1255-3C57-9487-303C5E0C6F7C}.RelWithDebInfo|Win32.ActiveCfg = RelWithDebInfo|Win32
		{A04ACBCC-1255-3C57-9487-303C5E0C6F7C}.RelWithDebInfo|Win32.Build.0 = RelWithDebInfo|Win32
		{CB1BEAD8-2F1E-311A-B8EA-53BC9EE4585E}.Debug|Win32.ActiveCfg = Debug|Win32
		{CB1BEAD8-2F1E-311A-B8EA-53BC9EE4585E}.Debug|Win32.Build.0 = Debug|Win32
		{CB1BEAD8-2F1E-311A-B8EA-53BC9EE4585E}.Release|Win32.ActiveCfg = Release|Win32
		{CB1BEAD8-2F1E-311A-B8EA-53BC9EE4585E}.Release|Win32.Build.0 = Release|Win32
		{CB1BEAD8-2F1E-311A-B8EA-53BC9EE4585E}.MinSizeRel|Win32.ActiveCfg = MinSizeRel|Win32
		{CB1BEAD8-2F1E-311A-B8EA-53BC9EE4585E}.MinSizeRel|Win32.Build.0 = MinSizeRel|Win32
		{CB1BEAD8-2F1E-311A-B8EA-53BC9EE4585E}.RelWithDebInfo|Win32.ActiveCfg = RelWithDebInfo|Win32
		{CB1BEAD8-2F1E-311A-B8EA-53BC9EE4585E}.RelWithDebInfo|Win32.Build.0 = RelWithDebInfo|Win32
		{C0FBD1A0-FF4F-3EB1-B395-CD276598E3D9}.Debug|Win32.ActiveCfg = Debug|Win32
		{C0FBD1A0-FF4F-3EB1-B395-CD276598E3D9}.Debug|Win32.Build.0 = Debug|Win32
		{C0FBD1A0-FF4F-3EB1-B395-CD276598E3D9}.Release|Win32.ActiveCfg = Release|Win32
		{C0FBD1A0-FF4F-3EB1-B395-CD276598E3D9}.Release|Win32.Build.0 = Release|Win32
		{C0FBD1A0-FF4F-3EB1-B395-CD276598E3D9}.MinSizeRel|Win32.ActiveCfg = MinSizeRel|Win32
		{C0FBD1A0-FF4F-3EB1-B395-CD276598E3D9}.MinSizeRel|Win32.Build.0 = MinSizeRel|Win32
		{C0FBD1A0-FF4F-3EB1-B395-CD276598E3D9}.RelWithDebInfo|Win32.ActiveCfg = RelWithDebInfo|Win32
		{C0FBD1A0-FF4F-3EB1-B395-CD276598E3D9}.RelWithDebInfo|Win32.Build.0 = RelWithDebInfo|Win32
		{7EB96452-4BCA-33E5-90BD-5F82118D9F38}.Debug|Win32.ActiveCfg = Debug|Win32
		{7EB96452-4BCA-33E5-90BD-5F82118D9F38}.Debug|Win32.Build.0 = Debug|Win32
		{7EB96452-4BCA-33E5-90BD-5F82118D9F38}.Release|Win32.ActiveCfg = Release|Win32
		{7EB96452-4BCA-33E5-90BD-5F82118D9F38}.Release|Win32.Build.0 = Release|Win32
		{7EB96452-4BCA-33E5-90BD-5F82118D9F38}.MinSizeRel|Win32.ActiveCfg = MinSizeRel|Win32
		{7EB96452-4BCA-33E5-90BD-5F82118D9F38}.MinSizeRel|Win32.Build.0 = MinSizeRel|Win32
		{7EB96452-4BCA-33E5-90BD-5F82118D9F38}.RelWithDebInfo|Win32.ActiveCfg = RelWithDebInfo|Win32
		{7EB96452-4BCA-33E5-90BD-5F82118D9F38}.RelWithDebInfo|Win32.Build.0 = RelWithDebInfo|Win32
		{94BC72E3-1870-36D0-88F1-376160D3CB25}.Debug|Win32.ActiveCfg = Debug|Win32
		{94BC72E3-1870-36D0-88F1-376160D3CB25}.Debug|Win32.Build.0 = Debug|Win32
		{94BC72E3-1870-36D0-88F1-376160D3CB25}.Release|Win32.ActiveCfg = Release|Win32
		{94BC72E3-1870-36D0-88F1-376160D3CB25}.Release|Win32.Build.0 = Release|Win32
		{94BC72E3-1870-36D0-88F1-376160D3CB25}.MinSizeRel|Win32.ActiveCfg = MinSizeRel|Win32
		{94BC72E3-1870-36D0-88F1-376160D3CB25}.MinSizeRel|Win32.Build.0 = MinSizeRel|Win32
		{94BC72E3-1870-36D0-88F1-376160D3CB25}.RelWithDebInfo|Win32.ActiveCfg = RelWithDebInfo|Win32
		{94BC72E3-1870-36D0-88F1-376160D3CB25}.RelWithDebInfo|Win32.Build.0 = RelWithDebInfo|Win32
		{E63E851C-0D0F-34A4-83AB-141CA832ECC3}.Debug|Win32.ActiveCfg = Debug|Win32
		{E63E851C-0D0F-34A4-83AB-141CA832ECC3}.Debug|Win32.Build.0 = Debug|Win32
		{E63E851C-0D0F-34A4-83AB-141CA832ECC3}.Release|Win32.ActiveCfg = Release|Win32
		{E63E851C-0D0F-34A4-83AB-141CA832ECC3}.Release|Win32.Build.0 = Release|Win32
		{E63E851C-0D0F-34A4-83AB-141CA832ECC3}.MinSizeRel|Win32.ActiveCfg = MinSizeRel|Win32
		{E63E851C-0D0F-34A4-83AB-141CA832ECC3}.MinSizeRel|Win32.Build.0 = MinSizeRel|Win32
		{E63E851C-0D0F-34A4-83AB-141CA832ECC3}.RelWithDebInfo|Win32.ActiveCfg = RelWithDebInfo|Win32
		{E63E851C-0D0F-34A4-83AB-141CA832ECC3}.RelWithDebInfo|Win32.Build.0 = RelWithDebInfo|Win32
		{7F5320A9-7C9B-3034-B885-FAA4CAF0001C}.Debug|Win32.ActiveCfg = Debug|Win32
		{7F5320A9-7C9B-3034-B885-FAA4CAF0001C}.Debug|Win32.Build.0 = Debug|Win32
		{7F5320A9-7C9B-3034-B885-FAA4CAF0001C}.Release|Win32.ActiveCfg = Release|Win32
		{7F5320A9-7C9B-3034-B885-FAA4CAF0001C}.Release|Win32.Build.0 = Release|Win32
		{7F5320A9-7C9B-3034-B885-FAA4CAF0001C}.MinSizeRel|Win32.ActiveCfg = MinSizeRel|Win32
		{7F5320A9-7C9B-3034-B885-FAA4CAF0001C}.MinSizeRel|Win32.Build.0 = MinSizeRel|Win32
		{7F5320A9-7C9B-3034-B885-FAA4CAF0001C}.RelWithDebInfo|Win32.ActiveCfg = RelWithDebInfo|Win32
		{7F5320A9-7C9B-3034-B885-FAA4CAF0001C}.RelWithDebInfo|Win32.Build.0 = RelWithDebInfo|Win32
		{0638E393-AFB6-3FDD-AB9B-41907C05CDE2}.Debug|Win32.ActiveCfg = Debug|Win32
		{0638E393-AFB6-3FDD-AB9B-41907C05CDE2}.Debug|Win32.Build.0 = Debug|Win32
		{0638E393-AFB6-3FDD-AB9B-41907C05CDE2}.Release|Win32.ActiveCfg = Release|Win32
		{0638E393-AFB6-3FDD-AB9B-41907C05CDE2}.Release|Win32.Build.0 = Release|Win32
		{0638E393-AFB6-3FDD-AB9B-41907C05CDE2}.MinSizeRel|Win32.ActiveCfg = MinSizeRel|Win32
		{0638E393-AFB6-3FDD-AB9B-41907C05CDE2}.MinSizeRel|Win32.Build.0 = MinSizeRel|Win32
		{0638E393-AFB6-3FDD-AB9B-41907C05CDE2}.RelWithDebInfo|Win32.ActiveCfg = RelWithDebInfo|Win32
		{0638E393-AFB6-3FDD-AB9B-41907C05CDE2}.RelWithDebInfo|Win32.Build.0 = RelWithDebInfo|Win32
		{B7EB626D-DF7E-3023-92C8-4DF0D58A3F1C}.Debug|Win32.ActiveCfg = Debug|Win32
		{B7EB626D-DF7E-3023-92C8-4DF0D58A3F1C}.Debug|Win32.Build.0 = Debug|Win32
		{B7EB626D-DF7E-3023-92C8-4DF0D58A3F1C}.Release|Win32.ActiveCfg = Release|Win32
		{B7EB626D-DF7E-3023-92C8-4DF0D58A3F1C}.Release|Win32.Build.0 = Release|Win32
		{B7EB626D-DF7E-3023-92C8-4DF0D58A3F1C}.MinSizeRel|Win32.ActiveCfg = MinSizeRel|Win32
		{B7EB626D-DF7E-3023-92C8-4DF0D58A3F1C}.MinSizeRel|Win32.Build.0 = MinSizeRel|Win32
		{B7EB626D-DF7E-3023-92C8-4DF0D58A3F1C}.RelWithDebInfo|Win32.ActiveCfg = RelWithDebInfo|Win32
		{B7EB626D-DF7E-3023-92C8-4DF0D58A3F1C}.RelWithDebInfo|Win32.Build.0 = RelWithDebInfo|Win32
		{013B4BC1-3E7C-3658-9FDA-A6C2B2216EC9}.Debug|Win32.ActiveCfg = Debug|Win32
		{013B4BC1-3E7C-3658-9FDA-A6C2B2216EC9}.Debug|Win32.Build.0 = Debug|Win32
		{013B4BC1-3E7C-3658-9FDA-A6C2B2216EC9}.Release|Win32.ActiveCfg = Release|Win32
		{013B4BC1-3E7C-3658-9FDA-A6C2B2216EC9}.Release|Win32.Build.0 = Release|Win32
		{013B4BC1-3E7C-3658-9FDA-A6C2B2216EC9}.MinSizeRel|Win32.ActiveCfg = MinSizeRel|Win32
		{013B4BC1-3E7C-3658-9FDA-A6C2B2216EC9}.MinSizeRel|Win32.Build.0 = MinSizeRel|Win32
		{013B4BC1-3E7C-3658-9FDA-A6C2B2216EC9}.RelWithDebInfo|Win32.ActiveCfg = RelWithDebInfo|Win32
		{013B4BC1-3E7C-3658-9FDA-A6C2B2216EC9}.RelWithDebInfo|Win32.Build.0 = RelWithDebInfo|Win32
		{19B27695-DC80-3A68-B9F4-98410F66D7CB}.Debug|Win32.ActiveCfg = Debug|Win32
		{19B27695-DC80-3A68-B9F4-98410F66D7CB}.Debug|Win32.Build.0 = Debug|Win32
		{19B27695-DC80-3A68-B9F4-98410F66D7CB}.Release|Win32.ActiveCfg = Release|Win32
		{19B27695-DC80-3A68-B9F4-98410F66D7CB}.Release|Win32.Build.0 = Release|Win32
		{19B27695-DC80-3A68-B9F4-98410F66D7CB}.MinSizeRel|Win32.ActiveCfg = MinSizeRel|Win32
		{19B27695-DC80-3A68-B9F4-98410F66D7CB}.MinSizeRel|Win32.Build.0 = MinSizeRel|Win32
		{19B27695-DC80-3A68-B9F4-98410F66D7CB}.RelWithDebInfo|Win32.ActiveCfg = RelWithDebInfo|Win32
		{19B27695-DC80-3A68-B9F4-98410F66D7CB}.RelWithDebInfo|Win32.Build.0 = RelWithDebInfo|Win32
		{AAE05F0F-AE8F-30D9-AD8A-30B21FE1C9CD}.Debug|Win32.ActiveCfg = Debug|Win32
		{AAE05F0F-AE8F-30D9-AD8A-30B21FE1C9CD}.Debug|Win32.Build.0 = Debug|Win32
		{AAE05F0F-AE8F-30D9-AD8A-30B21FE1C9CD}.Release|Win32.ActiveCfg = Release|Win32
		{AAE05F0F-AE8F-30D9-AD8A-30B21FE1C9CD}.Release|Win32.Build.0 = Release|Win32
		{AAE05F0F-AE8F-30D9-AD8A-30B21FE1C9CD}.MinSizeRel|Win32.ActiveCfg = MinSizeRel|Win32
		{AAE05F0F-AE8F-30D9-AD8A-30B21FE1C9CD}.MinSizeRel|Win32.Build.0 = MinSizeRel|Win32
		{AAE05F0F-AE8F-30D9-AD8A-30B21FE1C9CD}.RelWithDebInfo|Win32.ActiveCfg = RelWithDebInfo|Win32
		{AAE05F0F-AE8F-30D9-AD8A-30B21FE1C9CD}.RelWithDebInfo|Win32.Build.0 = RelWithDebInfo|Win32
		{00C4A452-C39E-3817-9BD0-123FF4CD3C9A}.Debug|Win32.ActiveCfg = Debug|Win32
		{00C4A452-C39E-3817-9BD0-123FF4CD3C9A}.Debug|Win32.Build.0 = Debug|Win32
		{00C4A452-C39E-3817-9BD0-123FF4CD3C9A}.Release|Win32.ActiveCfg = Release|Win32
		{00C4A452-C39E-3817-9BD0-123FF4CD3C9A}.Release|Win32.Build.0 = Release|Win32
		{00C4A452-C39E-3817-9BD0-123FF4CD3C9A}.MinSizeRel|Win32.ActiveCfg = MinSizeRel|Win32
		{00C4A452-C39E-3817-9BD0-123FF4CD3C9A}.MinSizeRel|Win32.Build.0 = MinSizeRel|Win32
		{00C4A452-C39E-3817-9BD0-123FF4CD3C9A}.RelWithDebInfo|Win32.ActiveCfg = RelWithDebInfo|Win32
		{00C4A452-C39E-3817-9BD0-123FF4CD3C9A}.RelWithDebInfo|Win32.Build.0 = RelWithDebInfo|Win32
		{40CBFC92-705E-34D2-B4D3-5D880D95AA32}.Debug|Win32.ActiveCfg = Debug|Win32
		{40CBFC92-705E-34D2-B4D3-5D880D95AA32}.Debug|Win32.Build.0 = Debug|Win32
		{40CBFC92-705E-34D2-B4D3-5D880D95AA32}.Release|Win32.ActiveCfg = Release|Win32
		{40CBFC92-705E-34D2-B4D3-5D880D95AA32}.Release|Win32.Build.0 = Release|Win32
		{40CBFC92-705E-34D2-B4D3-5D880D95AA32}.MinSizeRel|Win32.ActiveCfg = MinSizeRel|Win32
		{40CBFC92-705E-34D2-B4D3-5D880D95AA32}.MinSizeRel|Win32.Build.0 = MinSizeRel|Win32
		{40CBFC92-705E-34D2-B4D3-5D880D95AA32}.RelWithDebInfo|Win32.ActiveCfg = RelWithDebInfo|Win32
		{40CBFC92-705E-34D2-B4D3-5D880D95AA32}.RelWithDebInfo|Win32.Build.0 = RelWithDebInfo|Win32
		{536458CA-B4F4-3712-AFB1-FCEA2BCAACE4}.Debug|Win32.ActiveCfg = Debug|Win32
		{536458CA-B4F4-3712-AFB1-FCEA2BCAACE4}.Debug|Win32.Build.0 = Debug|Win32
		{536458CA-B4F4-3712-AFB1-FCEA2BCAACE4}.Release|Win32.ActiveCfg = Release|Win32
		{536458CA-B4F4-3712-AFB1-FCEA2BCAACE4}.Release|Win32.Build.0 = Release|Win32
		{536458CA-B4F4-3712-AFB1-FCEA2BCAACE4}.MinSizeRel|Win32.ActiveCfg = MinSizeRel|Win32
		{536458CA-B4F4-3712-AFB1-FCEA2BCAACE4}.MinSizeRel|Win32.Build.0 = MinSizeRel|Win32
		{536458CA-B4F4-3712-AFB1-FCEA2BCAACE4}.RelWithDebInfo|Win32.ActiveCfg = RelWithDebInfo|Win32
		{536458CA-B4F4-3712-AFB1-FCEA2BCAACE4}.RelWithDebInfo|Win32.Build.0 = RelWithDebInfo|Win32
		{5D8281DD-95E1-3FA5-B3DA-C5A07A96E2E4}.Debug|Win32.ActiveCfg = Debug|Win32
		{5D8281DD-95E1-3FA5-B3DA-C5A07A96E2E4}.Debug|Win32.Build.0 = Debug|Win32
		{5D8281DD-95E1-3FA5-B3DA-C5A07A96E2E4}.Release|Win32.ActiveCfg = Release|Win32
		{5D8281DD-95E1-3FA5-B3DA-C5A07A96E2E4}.Release|Win32.Build.0 = Release|Win32
		{5D8281DD-95E1-3FA5-B3DA-C5A07A96E2E4}.MinSizeRel|Win32.ActiveCfg = MinSizeRel|Win32
		{5D8281DD-95E1-3FA5-B3DA-C5A07A96E2E4}.MinSizeRel|Win32.Build.0 = MinSizeRel|Win32
		{5D8281DD-95E1-3FA5-B3DA-C5A07A96E2E4}.RelWithDebInfo|Win32.ActiveCfg = RelWithDebInfo|Win32
		{5D8281DD-95E1-3FA5-B3DA-C5A07A96E2E4}.RelWithDebInfo|Win32.Build.0 = RelWithDebInfo|Win32
		{E3DA23D8-C4BE-3AC3-B522-A446E65C1517}.Debug|Win32.ActiveCfg = Debug|Win32
		{E3DA23D8-C4BE-3AC3-B522-A446E65C1517}.Debug|Win32.Build.0 = Debug|Win32
		{E3DA23D8-C4BE-3AC3-B522-A446E65C1517}.Release|Win32.ActiveCfg = Release|Win32
		{E3DA23D8-C4BE-3AC3-B522-A446E65C1517}.Release|Win32.Build.0 = Release|Win32
		{E3DA23D8-C4BE-3AC3-B522-A446E65C1517}.MinSizeRel|Win32.ActiveCfg = MinSizeRel|Win32
		{E3DA23D8-C4BE-3AC3-B522-A446E65C1517}.MinSizeRel|Win32.Build.0 = MinSizeRel|Win32
		{E3DA23D8-C4BE-3AC3-B522-A446E65C1517}.RelWithDebInfo|Win32.ActiveCfg = RelWithDebInfo|Win32
		{E3DA23D8-C4BE-3AC3-B522-A446E65C1517}.RelWithDebInfo|Win32.Build.0 = RelWithDebInfo|Win32
	EndGlobalSection
	GlobalSection(ExtensibilityGlobals) = postSolution
		SolutionGuid = {16B0B214-D3BE-3AA3-88DB-4429FDC7D517}
	EndGlobalSection
	GlobalSection(ExtensibilityAddIns) = postSolution
	EndGlobalSection
EndGlobal
