Microsoft Visual Studio Solution File, Format Version 12.00
# Visual Studio 15
Project("{8BC9CEB8-8B4A-11D0-8D11-00A0C91BC942}") = "ALL_BUILD", "ALL_BUILD.vcxproj", "{B86D783F-2824-3DFF-B8F4-C27B94D97F94}"
	ProjectSection(ProjectDependencies) = postProject
		{28FFFAC0-ED80-3963-9523-98E6EAD7584A} = {28FFFAC0-ED80-3963-9523-98E6EAD7584A}
		{3908E4E6-E417-351F-B587-02B1AB5603CC} = {3908E4E6-E417-351F-B587-02B1AB5603CC}
		{A04ACBCC-1255-3C57-9487-303C5E0C6F7C} = {A04ACBCC-1255-3C57-9487-303C5E0C6F7C}
		{AAE05F0F-AE8F-30D9-AD8A-30B21FE1C9CD} = {AAE05F0F-AE8F-30D9-AD8A-30B21FE1C9CD}
		{40CBFC92-705E-34D2-B4D3-5D880D95AA32} = {40CBFC92-705E-34D2-B4D3-5D880D95AA32}
		{536458CA-B4F4-3712-AFB1-FCEA2BCAACE4} = {536458CA-B4F4-3712-AFB1-FCEA2BCAACE4}
		{E3DA23D8-C4BE-3AC3-B522-A446E65C1517} = {E3DA23D8-C4BE-3AC3-B522-A446E65C1517}
	EndProjectSection
EndProject
Project("{8BC9CEB8-8B4A-11D0-8D11-00A0C91BC942}") = "ZERO_CHECK", "..\..\\ZERO_CHECK.vcxproj", "{28FFFAC0-ED80-3963-9523-98E6EAD7584A}"
	ProjectSection(ProjectDependencies) = postProject
	EndProjectSection
EndProject
Project("{8BC9CEB8-8B4A-11D0-8D11-00A0C91BC942}") = "bubble-sort", "bubble-sort.vcxproj", "{3908E4E6-E417-351F-B587-02B1AB5603CC}"
	ProjectSection(ProjectDependencies) = postProject
		{28FFFAC0-ED80-3963-9523-98E6EAD7584A} = {28FFFAC0-ED80-3963-9523-98E6EAD7584A}
	EndProjectSection
EndProject
Project("{8BC9CEB8-8B4A-11D0-8D11-00A0C91BC942}") = "hello-openmp", "hello-openmp.vcxproj", "{A04ACBCC-1255-3C57-9487-303C5E0C6F7C}"
	ProjectSection(ProjectDependencies) = postProject
		{28FFFAC0-ED80-3963-9523-98E6EAD7584A} = {28FFFAC0-ED80-3963-9523-98E6EAD7584A}
	EndProjectSection
EndProject
Project("{8BC9CEB8-8B4A-11D0-8D11-00A0C91BC942}") = "parallel-sort", "parallel-sort.vcxproj", "{AAE05F0F-AE8F-30D9-AD8A-30B21FE1C9CD}"
	ProjectSection(ProjectDependencies) = postProject
		{28FFFAC0-ED80-3963-9523-98E6EAD7584A} = {28FFFAC0-ED80-3963-9523-98E6EAD7584A}
	EndProjectSection
EndProject
Project("{8BC9CEB8-8B4A-11D0-8D11-00A0C91BC942}") = "pi-openmp", "pi-openmp.vcxproj", "{40CBFC92-705E-34D2-B4D3-5D880D95AA32}"
	ProjectSection(ProjectDependencies) = postProject
		{28FFFAC0-ED80-3963-9523-98E6EAD7584A} = {28FFFAC0-ED80-3963-9523-98E6EAD7584A}
	EndProjectSection
EndProject
Project("{8BC9CEB8-8B4A-11D0-8D11-00A0C91BC942}") = "scheduler-test", "scheduler-test.vcxproj", "{536458CA-B4F4-3712-AFB1-FCEA2BCAACE4}"
	ProjectSection(ProjectDependencies) = postProject
		{28FFFAC0-ED80-3963-9523-98E6EAD7584A} = {28FFFAC0-ED80-3963-9523-98E6EAD7584A}
	EndProjectSection
EndProject
Project("{8BC9CEB8-8B4A-11D0-8D11-00A0C91BC942}") = "trapezoidal", "trapezoidal.vcxproj", "{E3DA23D8-C4BE-3AC3-B522-A446E65C1517}"
	ProjectSection(ProjectDependencies) = postProject
		{28FFFAC0-ED80-3963-9523-98E6EAD7584A} = {28FFFAC0-ED80-3963-9523-98E6EAD7584A}
	EndProjectSection
EndProject
Global
	GlobalSection(SolutionConfigurationPlatforms) = preSolution
		Debug|Win32 = Debug|Win32
		Release|Win32 = Release|Win32
		MinSizeRel|Win32 = MinSizeRel|Win32
		RelWithDebInfo|Win32 = RelWithDebInfo|Win32
	EndGlobalSection
	GlobalSection(ProjectConfigurationPlatforms) = postSolution
		{B86D783F-2824-3DFF-B8F4-C27B94D97F94}.Debug|Win32.ActiveCfg = Debug|Win32
		{B86D783F-2824-3DFF-B8F4-C27B94D97F94}.Release|Win32.ActiveCfg = Release|Win32
		{B86D783F-2824-3DFF-B8F4-C27B94D97F94}.MinSizeRel|Win32.ActiveCfg = MinSizeRel|Win32
		{B86D783F-2824-3DFF-B8F4-C27B94D97F94}.RelWithDebInfo|Win32.ActiveCfg = RelWithDebInfo|Win32
		{28FFFAC0-ED80-3963-9523-98E6EAD7584A}.Debug|Win32.ActiveCfg = Debug|Win32
		{28FFFAC0-ED80-3963-9523-98E6EAD7584A}.Debug|Win32.Build.0 = Debug|Win32
		{28FFFAC0-ED80-3963-9523-98E6EAD7584A}.Release|Win32.ActiveCfg = Release|Win32
		{28FFFAC0-ED80-3963-9523-98E6EAD7584A}.Release|Win32.Build.0 = Release|Win32
		{28FFFAC0-ED80-3963-9523-98E6EAD7584A}.MinSizeRel|Win32.ActiveCfg = MinSizeRel|Win32
		{28FFFAC0-ED80-3963-9523-98E6EAD7584A}.MinSizeRel|Win32.Build.0 = MinSizeRel|Win32
		{28FFFAC0-ED80-3963-9523-98E6EAD7584A}.RelWithDebInfo|Win32.ActiveCfg = RelWithDebInfo|Win32
		{28FFFAC0-ED80-3963-9523-98E6EAD7584A}.RelWithDebInfo|Win32.Build.0 = RelWithDebInfo|Win32
		{3908E4E6-E417-351F-B587-02B1AB5603CC}.Debug|Win32.ActiveCfg = Debug|Win32
		{3908E4E6-E417-351F-B587-02B1AB5603CC}.Debug|Win32.Build.0 = Debug|Win32
		{3908E4E6-E417-351F-B587-02B1AB5603CC}.Release|Win32.ActiveCfg = Release|Win32
		{3908E4E6-E417-351F-B587-02B1AB5603CC}.Release|Win32.Build.0 = Release|Win32
		{3908E4E6-E417-351F-B587-02B1AB5603CC}.MinSizeRel|Win32.ActiveCfg = MinSizeRel|Win32
		{3908E4E6-E417-351F-B587-02B1AB5603CC}.MinSizeRel|Win32.Build.0 = MinSizeRel|Win32
		{3908E4E6-E417-351F-B587-02B1AB5603CC}.RelWithDebInfo|Win32.ActiveCfg = RelWithDebInfo|Win32
		{3908E4E6-E417-351F-B587-02B1AB5603CC}.RelWithDebInfo|Win32.Build.0 = RelWithDebInfo|Win32
		{A04ACBCC-1255-3C57-9487-303C5E0C6F7C}.Debug|Win32.ActiveCfg = Debug|Win32
		{A04ACBCC-1255-3C57-9487-303C5E0C6F7C}.Debug|Win32.Build.0 = Debug|Win32
		{A04ACBCC-1255-3C57-9487-303C5E0C6F7C}.Release|Win32.ActiveCfg = Release|Win32
		{A04ACBCC-1255-3C57-9487-303C5E0C6F7C}.Release|Win32.Build.0 = Release|Win32
		{A04ACBCC-1255-3C57-9487-303C5E0C6F7C}.MinSizeRel|Win32.ActiveCfg = MinSizeRel|Win32
		{A04ACBCC-1255-3C57-9487-303C5E0C6F7C}.MinSizeRel|Win32.Build.0 = MinSizeRel|Win32
		{A04ACBCC-1255-3C57-9487-303C5E0C6F7C}.RelWithDebInfo|Win32.ActiveCfg = RelWithDebInfo|Win32
		{A04ACBCC-1255-3C57-9487-303C5E0C6F7C}.RelWithDebInfo|Win32.Build.0 = RelWithDebInfo|Win32
		{AAE05F0F-AE8F-30D9-AD8A-30B21FE1C9CD}.Debug|Win32.ActiveCfg = Debug|Win32
		{AAE05F0F-AE8F-30D9-AD8A-30B21FE1C9CD}.Debug|Win32.Build.0 = Debug|Win32
		{AAE05F0F-AE8F-30D9-AD8A-30B21FE1C9CD}.Release|Win32.ActiveCfg = Release|Win32
		{AAE05F0F-AE8F-30D9-AD8A-30B21FE1C9CD}.Release|Win32.Build.0 = Release|Win32
		{AAE05F0F-AE8F-30D9-AD8A-30B21FE1C9CD}.MinSizeRel|Win32.ActiveCfg = MinSizeRel|Win32
		{AAE05F0F-AE8F-30D9-AD8A-30B21FE1C9CD}.MinSizeRel|Win32.Build.0 = MinSizeRel|Win32
		{AAE05F0F-AE8F-30D9-AD8A-30B21FE1C9CD}.RelWithDebInfo|Win32.ActiveCfg = RelWithDebInfo|Win32
		{AAE05F0F-AE8F-30D9-AD8A-30B21FE1C9CD}.RelWithDebInfo|Win32.Build.0 = RelWithDebInfo|Win32
		{40CBFC92-705E-34D2-B4D3-5D880D95AA32}.Debug|Win32.ActiveCfg = Debug|Win32
		{40CBFC92-705E-34D2-B4D3-5D880D95AA32}.Debug|Win32.Build.0 = Debug|Win32
		{40CBFC92-705E-34D2-B4D3-5D880D95AA32}.Release|Win32.ActiveCfg = Release|Win32
		{40CBFC92-705E-34D2-B4D3-5D880D95AA32}.Release|Win32.Build.0 = Release|Win32
		{40CBFC92-705E-34D2-B4D3-5D880D95AA32}.MinSizeRel|Win32.ActiveCfg = MinSizeRel|Win32
		{40CBFC92-705E-34D2-B4D3-5D880D95AA32}.MinSizeRel|Win32.Build.0 = MinSizeRel|Win32
		{40CBFC92-705E-34D2-B4D3-5D880D95AA32}.RelWithDebInfo|Win32.ActiveCfg = RelWithDebInfo|Win32
		{40CBFC92-705E-34D2-B4D3-5D880D95AA32}.RelWithDebInfo|Win32.Build.0 = RelWithDebInfo|Win32
		{536458CA-B4F4-3712-AFB1-FCEA2BCAACE4}.Debug|Win32.ActiveCfg = Debug|Win32
		{536458CA-B4F4-3712-AFB1-FCEA2BCAACE4}.Debug|Win32.Build.0 = Debug|Win32
		{536458CA-B4F4-3712-AFB1-FCEA2BCAACE4}.Release|Win32.ActiveCfg = Release|Win32
		{536458CA-B4F4-3712-AFB1-FCEA2BCAACE4}.Release|Win32.Build.0 = Release|Win32
		{536458CA-B4F4-3712-AFB1-FCEA2BCAACE4}.MinSizeRel|Win32.ActiveCfg = MinSizeRel|Win32
		{536458CA-B4F4-3712-AFB1-FCEA2BCAACE4}.MinSizeRel|Win32.Build.0 = MinSizeRel|Win32
		{536458CA-B4F4-3712-AFB1-FCEA2BCAACE4}.RelWithDebInfo|Win32.ActiveCfg = RelWithDebInfo|Win32
		{536458CA-B4F4-3712-AFB1-FCEA2BCAACE4}.RelWithDebInfo|Win32.Build.0 = RelWithDebInfo|Win32
		{E3DA23D8-C4BE-3AC3-B522-A446E65C1517}.Debug|Win32.ActiveCfg = Debug|Win32
		{E3DA23D8-C4BE-3AC3-B522-A446E65C1517}.Debug|Win32.Build.0 = Debug|Win32
		{E3DA23D8-C4BE-3AC3-B522-A446E65C1517}.Release|Win32.ActiveCfg = Release|Win32
		{E3DA23D8-C4BE-3AC3-B522-A446E65C1517}.Release|Win32.Build.0 = Release|Win32
		{E3DA23D8-C4BE-3AC3-B522-A446E65C1517}.MinSizeRel|Win32.ActiveCfg = MinSizeRel|Win32
		{E3DA23D8-C4BE-3AC3-B522-A446E65C1517}.MinSizeRel|Win32.Build.0 = MinSizeRel|Win32
		{E3DA23D8-C4BE-3AC3-B522-A446E65C1517}.RelWithDebInfo|Win32.ActiveCfg = RelWithDebInfo|Win32
		{E3DA23D8-C4BE-3AC3-B522-A446E65C1517}.RelWithDebInfo|Win32.Build.0 = RelWithDebInfo|Win32
	EndGlobalSection
	GlobalSection(ExtensibilityGlobals) = postSolution
		SolutionGuid = {2B5510F9-1CA3-3A42-8760-1275C75B9AF3}
	EndGlobalSection
	GlobalSection(ExtensibilityAddIns) = postSolution
	EndGlobalSection
EndGlobal
