Microsoft Visual Studio Solution File, Format Version 12.00
# Visual Studio 15
Project("{8BC9CEB8-8B4A-11D0-8D11-00A0C91BC942}") = "ALL_BUILD", "ALL_BUILD.vcxproj", "{B86D783F-2824-3DFF-B8F4-C27B94D97F94}"
	ProjectSection(ProjectDependencies) = postProject
		{28FFFAC0-ED80-3963-9523-98E6EAD7584A} = {28FFFAC0-ED80-3963-9523-98E6EAD7584A}
		{0D10C081-C6A4-31EA-A97F-FF4089FF6A58} = {0D10C081-C6A4-31EA-A97F-FF4089FF6A58}
		{CB1BEAD8-2F1E-311A-B8EA-53BC9EE4585E} = {CB1BEAD8-2F1E-311A-B8EA-53BC9EE4585E}
		{7F5320A9-7C9B-3034-B885-FAA4CAF0001C} = {7F5320A9-7C9B-3034-B885-FAA4CAF0001C}
		{0638E393-AFB6-3FDD-AB9B-41907C05CDE2} = {0638E393-AFB6-3FDD-AB9B-41907C05CDE2}
		{013B4BC1-3E7C-3658-9FDA-A6C2B2216EC9} = {013B4BC1-3E7C-3658-9FDA-A6C2B2216EC9}
		{19B27695-DC80-3A68-B9F4-98410F66D7CB} = {19B27695-DC80-3A68-B9F4-98410F66D7CB}
		{00C4A452-C39E-3817-9BD0-123FF4CD3C9A} = {00C4A452-C39E-3817-9BD0-123FF4CD3C9A}
		{5D8281DD-95E1-3FA5-B3DA-C5A07A96E2E4} = {5D8281DD-95E1-3FA5-B3DA-C5A07A96E2E4}
	EndProjectSection
EndProject
Project("{8BC9CEB8-8B4A-11D0-8D11-00A0C91BC942}") = "ZERO_CHECK", "..\..\\ZERO_CHECK.vcxproj", "{28FFFAC0-ED80-3963-9523-98E6EAD7584A}"
	ProjectSection(ProjectDependencies) = postProject
	EndProjectSection
EndProject
Project("{8BC9CEB8-8B4A-11D0-8D11-00A0C91BC942}") = "_monte-carlo-pi-value", "exercises\_monte-carlo-pi-value.vcxproj", "{0D10C081-C6A4-31EA-A97F-FF4089FF6A58}"
	ProjectSection(ProjectDependencies) = postProject
		{28FFFAC0-ED80-3963-9523-98E6EAD7584A} = {28FFFAC0-ED80-3963-9523-98E6EAD7584A}
	EndProjectSection
EndProject
Project("{8BC9CEB8-8B4A-11D0-8D11-00A0C91BC942}") = "hello_world", "hello_world.vcxproj", "{CB1BEAD8-2F1E-311A-B8EA-53BC9EE4585E}"
	ProjectSection(ProjectDependencies) = postProject
		{28FFFAC0-ED80-3963-9523-98E6EAD7584A} = {28FFFAC0-ED80-3963-9523-98E6EAD7584A}
	EndProjectSection
EndProject
Project("{8BC9CEB8-8B4A-11D0-8D11-00A0C91BC942}") = "lambda", "lambda.vcxproj", "{7F5320A9-7C9B-3034-B885-FAA4CAF0001C}"
	ProjectSection(ProjectDependencies) = postProject
		{28FFFAC0-ED80-3963-9523-98E6EAD7584A} = {28FFFAC0-ED80-3963-9523-98E6EAD7584A}
	EndProjectSection
EndProject
Project("{8BC9CEB8-8B4A-11D0-8D11-00A0C91BC942}") = "lambda-thread", "lambda-thread.vcxproj", "{0638E393-AFB6-3FDD-AB9B-41907C05CDE2}"
	ProjectSection(ProjectDependencies) = postProject
		{28FFFAC0-ED80-3963-9523-98E6EAD7584A} = {28FFFAC0-ED80-3963-9523-98E6EAD7584A}
	EndProjectSection
EndProject
Project("{8BC9CEB8-8B4A-11D0-8D11-00A0C91BC942}") = "monte-carlo-pi", "monte-carlo-pi.vcxproj", "{013B4BC1-3E7C-3658-9FDA-A6C2B2216EC9}"
	ProjectSection(ProjectDependencies) = postProject
		{28FFFAC0-ED80-3963-9523-98E6EAD7584A} = {28FFFAC0-ED80-3963-9523-98E6EAD7584A}
	EndProjectSection
EndProject
Project("{8BC9CEB8-8B4A-11D0-8D11-00A0C91BC942}") = "multiple_tasks", "multiple_tasks.vcxproj", "{19B27695-DC80-3A68-B9F4-98410F66D7CB}"
	ProjectSection(ProjectDependencies) = postProject
		{28FFFAC0-ED80-3963-9523-98E6EAD7584A} = {28FFFAC0-ED80-3963-9523-98E6EAD7584A}
	EndProjectSection
EndProject
Project("{8BC9CEB8-8B4A-11D0-8D11-00A0C91BC942}") = "parameter_thread", "parameter_thread.vcxproj", "{00C4A452-C39E-3817-9BD0-123FF4CD3C9A}"
	ProjectSection(ProjectDependencies) = postProject
		{28FFFAC0-ED80-3963-9523-98E6EAD7584A} = {28FFFAC0-ED80-3963-9523-98E6EAD7584A}
	EndProjectSection
EndProject
Project("{8BC9CEB8-8B4A-11D0-8D11-00A0C91BC942}") = "timing", "timing.vcxproj", "{5D8281DD-95E1-3FA5-B3DA-C5A07A96E2E4}"
	ProjectSection(ProjectDependencies) = postProject
		{28FFFAC0-ED80-3963-9523-98E6EAD7584A} = {28FFFAC0-ED80-3963-9523-98E6EAD7584A}
	EndProjectSection
EndProject
Global
	GlobalSection(SolutionConfigurationPlatforms) = preSolution
		Debug|Win32 = Debug|Win32
		Release|Win32 = Release|Win32
		MinSizeRel|Win32 = MinSizeRel|Win32
		RelWithDebInfo|Win32 = RelWithDebInfo|Win32
	EndGlobalSection
	GlobalSection(ProjectConfigurationPlatforms) = postSolution
		{B86D783F-2824-3DFF-B8F4-C27B94D97F94}.Debug|Win32.ActiveCfg = Debug|Win32
		{B86D783F-2824-3DFF-B8F4-C27B94D97F94}.Release|Win32.ActiveCfg = Release|Win32
		{B86D783F-2824-3DFF-B8F4-C27B94D97F94}.MinSizeRel|Win32.ActiveCfg = MinSizeRel|Win32
		{B86D783F-2824-3DFF-B8F4-C27B94D97F94}.RelWithDebInfo|Win32.ActiveCfg = RelWithDebInfo|Win32
		{28FFFAC0-ED80-3963-9523-98E6EAD7584A}.Debug|Win32.ActiveCfg = Debug|Win32
		{28FFFAC0-ED80-3963-9523-98E6EAD7584A}.Debug|Win32.Build.0 = Debug|Win32
		{28FFFAC0-ED80-3963-9523-98E6EAD7584A}.Release|Win32.ActiveCfg = Release|Win32
		{28FFFAC0-ED80-3963-9523-98E6EAD7584A}.Release|Win32.Build.0 = Release|Win32
		{28FFFAC0-ED80-3963-9523-98E6EAD7584A}.MinSizeRel|Win32.ActiveCfg = MinSizeRel|Win32
		{28FFFAC0-ED80-3963-9523-98E6EAD7584A}.MinSizeRel|Win32.Build.0 = MinSizeRel|Win32
		{28FFFAC0-ED80-3963-9523-98E6EAD7584A}.RelWithDebInfo|Win32.ActiveCfg = RelWithDebInfo|Win32
		{28FFFAC0-ED80-3963-9523-98E6EAD7584A}.RelWithDebInfo|Win32.Build.0 = RelWithDebInfo|Win32
		{0D10C081-C6A4-31EA-A97F-FF4089FF6A58}.Debug|Win32.ActiveCfg = Debug|Win32
		{0D10C081-C6A4-31EA-A97F-FF4089FF6A58}.Debug|Win32.Build.0 = Debug|Win32
		{0D10C081-C6A4-31EA-A97F-FF4089FF6A58}.Release|Win32.ActiveCfg = Release|Win32
		{0D10C081-C6A4-31EA-A97F-FF4089FF6A58}.Release|Win32.Build.0 = Release|Win32
		{0D10C081-C6A4-31EA-A97F-FF4089FF6A58}.MinSizeRel|Win32.ActiveCfg = MinSizeRel|Win32
		{0D10C081-C6A4-31EA-A97F-FF4089FF6A58}.MinSizeRel|Win32.Build.0 = MinSizeRel|Win32
		{0D10C081-C6A4-31EA-A97F-FF4089FF6A58}.RelWithDebInfo|Win32.ActiveCfg = RelWithDebInfo|Win32
		{0D10C081-C6A4-31EA-A97F-FF4089FF6A58}.RelWithDebInfo|Win32.Build.0 = RelWithDebInfo|Win32
		{CB1BEAD8-2F1E-311A-B8EA-53BC9EE4585E}.Debug|Win32.ActiveCfg = Debug|Win32
		{CB1BEAD8-2F1E-311A-B8EA-53BC9EE4585E}.Debug|Win32.Build.0 = Debug|Win32
		{CB1BEAD8-2F1E-311A-B8EA-53BC9EE4585E}.Release|Win32.ActiveCfg = Release|Win32
		{CB1BEAD8-2F1E-311A-B8EA-53BC9EE4585E}.Release|Win32.Build.0 = Release|Win32
		{CB1BEAD8-2F1E-311A-B8EA-53BC9EE4585E}.MinSizeRel|Win32.ActiveCfg = MinSizeRel|Win32
		{CB1BEAD8-2F1E-311A-B8EA-53BC9EE4585E}.MinSizeRel|Win32.Build.0 = MinSizeRel|Win32
		{CB1BEAD8-2F1E-311A-B8EA-53BC9EE4585E}.RelWithDebInfo|Win32.ActiveCfg = RelWithDebInfo|Win32
		{CB1BEAD8-2F1E-311A-B8EA-53BC9EE4585E}.RelWithDebInfo|Win32.Build.0 = RelWithDebInfo|Win32
		{7F5320A9-7C9B-3034-B885-FAA4CAF0001C}.Debug|Win32.ActiveCfg = Debug|Win32
		{7F5320A9-7C9B-3034-B885-FAA4CAF0001C}.Debug|Win32.Build.0 = Debug|Win32
		{7F5320A9-7C9B-3034-B885-FAA4CAF0001C}.Release|Win32.ActiveCfg = Release|Win32
		{7F5320A9-7C9B-3034-B885-FAA4CAF0001C}.Release|Win32.Build.0 = Release|Win32
		{7F5320A9-7C9B-3034-B885-FAA4CAF0001C}.MinSizeRel|Win32.ActiveCfg = MinSizeRel|Win32
		{7F5320A9-7C9B-3034-B885-FAA4CAF0001C}.MinSizeRel|Win32.Build.0 = MinSizeRel|Win32
		{7F5320A9-7C9B-3034-B885-FAA4CAF0001C}.RelWithDebInfo|Win32.ActiveCfg = RelWithDebInfo|Win32
		{7F5320A9-7C9B-3034-B885-FAA4CAF0001C}.RelWithDebInfo|Win32.Build.0 = RelWithDebInfo|Win32
		{0638E393-AFB6-3FDD-AB9B-41907C05CDE2}.Debug|Win32.ActiveCfg = Debug|Win32
		{0638E393-AFB6-3FDD-AB9B-41907C05CDE2}.Debug|Win32.Build.0 = Debug|Win32
		{0638E393-AFB6-3FDD-AB9B-41907C05CDE2}.Release|Win32.ActiveCfg = Release|Win32
		{0638E393-AFB6-3FDD-AB9B-41907C05CDE2}.Release|Win32.Build.0 = Release|Win32
		{0638E393-AFB6-3FDD-AB9B-41907C05CDE2}.MinSizeRel|Win32.ActiveCfg = MinSizeRel|Win32
		{0638E393-AFB6-3FDD-AB9B-41907C05CDE2}.MinSizeRel|Win32.Build.0 = MinSizeRel|Win32
		{0638E393-AFB6-3FDD-AB9B-41907C05CDE2}.RelWithDebInfo|Win32.ActiveCfg = RelWithDebInfo|Win32
		{0638E393-AFB6-3FDD-AB9B-41907C05CDE2}.RelWithDebInfo|Win32.Build.0 = RelWithDebInfo|Win32
		{013B4BC1-3E7C-3658-9FDA-A6C2B2216EC9}.Debug|Win32.ActiveCfg = Debug|Win32
		{013B4BC1-3E7C-3658-9FDA-A6C2B2216EC9}.Debug|Win32.Build.0 = Debug|Win32
		{013B4BC1-3E7C-3658-9FDA-A6C2B2216EC9}.Release|Win32.ActiveCfg = Release|Win32
		{013B4BC1-3E7C-3658-9FDA-A6C2B2216EC9}.Release|Win32.Build.0 = Release|Win32
		{013B4BC1-3E7C-3658-9FDA-A6C2B2216EC9}.MinSizeRel|Win32.ActiveCfg = MinSizeRel|Win32
		{013B4BC1-3E7C-3658-9FDA-A6C2B2216EC9}.MinSizeRel|Win32.Build.0 = MinSizeRel|Win32
		{013B4BC1-3E7C-3658-9FDA-A6C2B2216EC9}.RelWithDebInfo|Win32.ActiveCfg = RelWithDebInfo|Win32
		{013B4BC1-3E7C-3658-9FDA-A6C2B2216EC9}.RelWithDebInfo|Win32.Build.0 = RelWithDebInfo|Win32
		{19B27695-DC80-3A68-B9F4-98410F66D7CB}.Debug|Win32.ActiveCfg = Debug|Win32
		{19B27695-DC80-3A68-B9F4-98410F66D7CB}.Debug|Win32.Build.0 = Debug|Win32
		{19B27695-DC80-3A68-B9F4-98410F66D7CB}.Release|Win32.ActiveCfg = Release|Win32
		{19B27695-DC80-3A68-B9F4-98410F66D7CB}.Release|Win32.Build.0 = Release|Win32
		{19B27695-DC80-3A68-B9F4-98410F66D7CB}.MinSizeRel|Win32.ActiveCfg = MinSizeRel|Win32
		{19B27695-DC80-3A68-B9F4-98410F66D7CB}.MinSizeRel|Win32.Build.0 = MinSizeRel|Win32
		{19B27695-DC80-3A68-B9F4-98410F66D7CB}.RelWithDebInfo|Win32.ActiveCfg = RelWithDebInfo|Win32
		{19B27695-DC80-3A68-B9F4-98410F66D7CB}.RelWithDebInfo|Win32.Build.0 = RelWithDebInfo|Win32
		{00C4A452-C39E-3817-9BD0-123FF4CD3C9A}.Debug|Win32.ActiveCfg = Debug|Win32
		{00C4A452-C39E-3817-9BD0-123FF4CD3C9A}.Debug|Win32.Build.0 = Debug|Win32
		{00C4A452-C39E-3817-9BD0-123FF4CD3C9A}.Release|Win32.ActiveCfg = Release|Win32
		{00C4A452-C39E-3817-9BD0-123FF4CD3C9A}.Release|Win32.Build.0 = Release|Win32
		{00C4A452-C39E-3817-9BD0-123FF4CD3C9A}.MinSizeRel|Win32.ActiveCfg = MinSizeRel|Win32
		{00C4A452-C39E-3817-9BD0-123FF4CD3C9A}.MinSizeRel|Win32.Build.0 = MinSizeRel|Win32
		{00C4A452-C39E-3817-9BD0-123FF4CD3C9A}.RelWithDebInfo|Win32.ActiveCfg = RelWithDebInfo|Win32
		{00C4A452-C39E-3817-9BD0-123FF4CD3C9A}.RelWithDebInfo|Win32.Build.0 = RelWithDebInfo|Win32
		{5D8281DD-95E1-3FA5-B3DA-C5A07A96E2E4}.Debug|Win32.ActiveCfg = Debug|Win32
		{5D8281DD-95E1-3FA5-B3DA-C5A07A96E2E4}.Debug|Win32.Build.0 = Debug|Win32
		{5D8281DD-95E1-3FA5-B3DA-C5A07A96E2E4}.Release|Win32.ActiveCfg = Release|Win32
		{5D8281DD-95E1-3FA5-B3DA-C5A07A96E2E4}.Release|Win32.Build.0 = Release|Win32
		{5D8281DD-95E1-3FA5-B3DA-C5A07A96E2E4}.MinSizeRel|Win32.ActiveCfg = MinSizeRel|Win32
		{5D8281DD-95E1-3FA5-B3DA-C5A07A96E2E4}.MinSizeRel|Win32.Build.0 = MinSizeRel|Win32
		{5D8281DD-95E1-3FA5-B3DA-C5A07A96E2E4}.RelWithDebInfo|Win32.ActiveCfg = RelWithDebInfo|Win32
		{5D8281DD-95E1-3FA5-B3DA-C5A07A96E2E4}.RelWithDebInfo|Win32.Build.0 = RelWithDebInfo|Win32
	EndGlobalSection
	GlobalSection(ExtensibilityGlobals) = postSolution
		SolutionGuid = {13E07271-FD7D-398C-9134-6F841D06A22D}
	EndGlobalSection
	GlobalSection(ExtensibilityAddIns) = postSolution
	EndGlobalSection
EndGlobal
