<?xml version="1.0" encoding="utf-8"?>
<Project ToolsVersion="15.0" xmlns="http://schemas.microsoft.com/developer/msbuild/2003">
  <ItemGroup>
    <ClCompile Include="C:\Users\josdyr\university\set10108\labs\lab02\find-max.cpp">
      <Filter>Source Files</Filter>
    </ClCompile>
  </ItemGroup>
  <ItemGroup>
    <CustomBuild Include="C:\Users\josdyr\university\set10108\labs\lab02\CMakeLists.txt" />
  </ItemGroup>
  <ItemGroup>
    <Filter Include="Source Files">
      <UniqueIdentifier>{F529CF6E-B6F2-3C60-B9D6-93044B56F4C3}</UniqueIdentifier>
    </Filter>
  </ItemGroup>
</Project>
