Microsoft Visual Studio Solution File, Format Version 12.00
# Visual Studio 15
Project("{8BC9CEB8-8B4A-11D0-8D11-00A0C91BC942}") = "ALL_BUILD", "ALL_BUILD.vcxproj", "{B86D783F-2824-3DFF-B8F4-C27B94D97F94}"
	ProjectSection(ProjectDependencies) = postProject
		{28FFFAC0-ED80-3963-9523-98E6EAD7584A} = {28FFFAC0-ED80-3963-9523-98E6EAD7584A}
		{63CE0052-A3AF-38BC-8708-B4B4982AC3FE} = {63CE0052-A3AF-38BC-8708-B4B4982AC3FE}
		{158FED03-CFE3-3AB5-852D-BC994768FF08} = {158FED03-CFE3-3AB5-852D-BC994768FF08}
		{1C7E02BA-F8BE-33DA-90C1-F83C63DA0A33} = {1C7E02BA-F8BE-33DA-90C1-F83C63DA0A33}
		{F26DAD86-4874-30E9-8AC9-528C045197E9} = {F26DAD86-4874-30E9-8AC9-528C045197E9}
		{67D9026B-DA6A-3FCD-AC20-60AC74F57148} = {67D9026B-DA6A-3FCD-AC20-60AC74F57148}
		{C0FBD1A0-FF4F-3EB1-B395-CD276598E3D9} = {C0FBD1A0-FF4F-3EB1-B395-CD276598E3D9}
		{7EB96452-4BCA-33E5-90BD-5F82118D9F38} = {7EB96452-4BCA-33E5-90BD-5F82118D9F38}
		{94BC72E3-1870-36D0-88F1-376160D3CB25} = {94BC72E3-1870-36D0-88F1-376160D3CB25}
		{E63E851C-0D0F-34A4-83AB-141CA832ECC3} = {E63E851C-0D0F-34A4-83AB-141CA832ECC3}
		{B7EB626D-DF7E-3023-92C8-4DF0D58A3F1C} = {B7EB626D-DF7E-3023-92C8-4DF0D58A3F1C}
	EndProjectSection
EndProject
Project("{8BC9CEB8-8B4A-11D0-8D11-00A0C91BC942}") = "ZERO_CHECK", "..\..\\ZERO_CHECK.vcxproj", "{28FFFAC0-ED80-3963-9523-98E6EAD7584A}"
	ProjectSection(ProjectDependencies) = postProject
	EndProjectSection
EndProject
Project("{8BC9CEB8-8B4A-11D0-8D11-00A0C91BC942}") = "_02_02_monte-carlo-pi_atomics", "exercises\_02_02_monte-carlo-pi_atomics.vcxproj", "{63CE0052-A3AF-38BC-8708-B4B4982AC3FE}"
	ProjectSection(ProjectDependencies) = postProject
		{28FFFAC0-ED80-3963-9523-98E6EAD7584A} = {28FFFAC0-ED80-3963-9523-98E6EAD7584A}
	EndProjectSection
EndProject
Project("{8BC9CEB8-8B4A-11D0-8D11-00A0C91BC942}") = "atomic-flag", "atomic-flag.vcxproj", "{158FED03-CFE3-3AB5-852D-BC994768FF08}"
	ProjectSection(ProjectDependencies) = postProject
		{28FFFAC0-ED80-3963-9523-98E6EAD7584A} = {28FFFAC0-ED80-3963-9523-98E6EAD7584A}
	EndProjectSection
EndProject
Project("{8BC9CEB8-8B4A-11D0-8D11-00A0C91BC942}") = "condition-variable", "condition-variable.vcxproj", "{1C7E02BA-F8BE-33DA-90C1-F83C63DA0A33}"
	ProjectSection(ProjectDependencies) = postProject
		{28FFFAC0-ED80-3963-9523-98E6EAD7584A} = {28FFFAC0-ED80-3963-9523-98E6EAD7584A}
	EndProjectSection
EndProject
Project("{8BC9CEB8-8B4A-11D0-8D11-00A0C91BC942}") = "find-max", "find-max.vcxproj", "{F26DAD86-4874-30E9-8AC9-528C045197E9}"
	ProjectSection(ProjectDependencies) = postProject
		{28FFFAC0-ED80-3963-9523-98E6EAD7584A} = {28FFFAC0-ED80-3963-9523-98E6EAD7584A}
	EndProjectSection
EndProject
Project("{8BC9CEB8-8B4A-11D0-8D11-00A0C91BC942}") = "guarded", "guarded.vcxproj", "{67D9026B-DA6A-3FCD-AC20-60AC74F57148}"
	ProjectSection(ProjectDependencies) = postProject
		{28FFFAC0-ED80-3963-9523-98E6EAD7584A} = {28FFFAC0-ED80-3963-9523-98E6EAD7584A}
	EndProjectSection
EndProject
Project("{8BC9CEB8-8B4A-11D0-8D11-00A0C91BC942}") = "increment", "increment.vcxproj", "{C0FBD1A0-FF4F-3EB1-B395-CD276598E3D9}"
	ProjectSection(ProjectDependencies) = postProject
		{28FFFAC0-ED80-3963-9523-98E6EAD7584A} = {28FFFAC0-ED80-3963-9523-98E6EAD7584A}
	EndProjectSection
EndProject
Project("{8BC9CEB8-8B4A-11D0-8D11-00A0C91BC942}") = "increment-atomic", "increment-atomic.vcxproj", "{7EB96452-4BCA-33E5-90BD-5F82118D9F38}"
	ProjectSection(ProjectDependencies) = postProject
		{28FFFAC0-ED80-3963-9523-98E6EAD7584A} = {28FFFAC0-ED80-3963-9523-98E6EAD7584A}
	EndProjectSection
EndProject
Project("{8BC9CEB8-8B4A-11D0-8D11-00A0C91BC942}") = "increment-guarded", "increment-guarded.vcxproj", "{94BC72E3-1870-36D0-88F1-376160D3CB25}"
	ProjectSection(ProjectDependencies) = postProject
		{28FFFAC0-ED80-3963-9523-98E6EAD7584A} = {28FFFAC0-ED80-3963-9523-98E6EAD7584A}
	EndProjectSection
EndProject
Project("{8BC9CEB8-8B4A-11D0-8D11-00A0C91BC942}") = "increment-mutex", "increment-mutex.vcxproj", "{E63E851C-0D0F-34A4-83AB-141CA832ECC3}"
	ProjectSection(ProjectDependencies) = postProject
		{28FFFAC0-ED80-3963-9523-98E6EAD7584A} = {28FFFAC0-ED80-3963-9523-98E6EAD7584A}
	EndProjectSection
EndProject
Project("{8BC9CEB8-8B4A-11D0-8D11-00A0C91BC942}") = "monte-carlo-future", "monte-carlo-future.vcxproj", "{B7EB626D-DF7E-3023-92C8-4DF0D58A3F1C}"
	ProjectSection(ProjectDependencies) = postProject
		{28FFFAC0-ED80-3963-9523-98E6EAD7584A} = {28FFFAC0-ED80-3963-9523-98E6EAD7584A}
	EndProjectSection
EndProject
Global
	GlobalSection(SolutionConfigurationPlatforms) = preSolution
		Debug|Win32 = Debug|Win32
		Release|Win32 = Release|Win32
		MinSizeRel|Win32 = MinSizeRel|Win32
		RelWithDebInfo|Win32 = RelWithDebInfo|Win32
	EndGlobalSection
	GlobalSection(ProjectConfigurationPlatforms) = postSolution
		{B86D783F-2824-3DFF-B8F4-C27B94D97F94}.Debug|Win32.ActiveCfg = Debug|Win32
		{B86D783F-2824-3DFF-B8F4-C27B94D97F94}.Release|Win32.ActiveCfg = Release|Win32
		{B86D783F-2824-3DFF-B8F4-C27B94D97F94}.MinSizeRel|Win32.ActiveCfg = MinSizeRel|Win32
		{B86D783F-2824-3DFF-B8F4-C27B94D97F94}.RelWithDebInfo|Win32.ActiveCfg = RelWithDebInfo|Win32
		{28FFFAC0-ED80-3963-9523-98E6EAD7584A}.Debug|Win32.ActiveCfg = Debug|Win32
		{28FFFAC0-ED80-3963-9523-98E6EAD7584A}.Debug|Win32.Build.0 = Debug|Win32
		{28FFFAC0-ED80-3963-9523-98E6EAD7584A}.Release|Win32.ActiveCfg = Release|Win32
		{28FFFAC0-ED80-3963-9523-98E6EAD7584A}.Release|Win32.Build.0 = Release|Win32
		{28FFFAC0-ED80-3963-9523-98E6EAD7584A}.MinSizeRel|Win32.ActiveCfg = MinSizeRel|Win32
		{28FFFAC0-ED80-3963-9523-98E6EAD7584A}.MinSizeRel|Win32.Build.0 = MinSizeRel|Win32
		{28FFFAC0-ED80-3963-9523-98E6EAD7584A}.RelWithDebInfo|Win32.ActiveCfg = RelWithDebInfo|Win32
		{28FFFAC0-ED80-3963-9523-98E6EAD7584A}.RelWithDebInfo|Win32.Build.0 = RelWithDebInfo|Win32
		{63CE0052-A3AF-38BC-8708-B4B4982AC3FE}.Debug|Win32.ActiveCfg = Debug|Win32
		{63CE0052-A3AF-38BC-8708-B4B4982AC3FE}.Debug|Win32.Build.0 = Debug|Win32
		{63CE0052-A3AF-38BC-8708-B4B4982AC3FE}.Release|Win32.ActiveCfg = Release|Win32
		{63CE0052-A3AF-38BC-8708-B4B4982AC3FE}.Release|Win32.Build.0 = Release|Win32
		{63CE0052-A3AF-38BC-8708-B4B4982AC3FE}.MinSizeRel|Win32.ActiveCfg = MinSizeRel|Win32
		{63CE0052-A3AF-38BC-8708-B4B4982AC3FE}.MinSizeRel|Win32.Build.0 = MinSizeRel|Win32
		{63CE0052-A3AF-38BC-8708-B4B4982AC3FE}.RelWithDebInfo|Win32.ActiveCfg = RelWithDebInfo|Win32
		{63CE0052-A3AF-38BC-8708-B4B4982AC3FE}.RelWithDebInfo|Win32.Build.0 = RelWithDebInfo|Win32
		{158FED03-CFE3-3AB5-852D-BC994768FF08}.Debug|Win32.ActiveCfg = Debug|Win32
		{158FED03-CFE3-3AB5-852D-BC994768FF08}.Debug|Win32.Build.0 = Debug|Win32
		{158FED03-CFE3-3AB5-852D-BC994768FF08}.Release|Win32.ActiveCfg = Release|Win32
		{158FED03-CFE3-3AB5-852D-BC994768FF08}.Release|Win32.Build.0 = Release|Win32
		{158FED03-CFE3-3AB5-852D-BC994768FF08}.MinSizeRel|Win32.ActiveCfg = MinSizeRel|Win32
		{158FED03-CFE3-3AB5-852D-BC994768FF08}.MinSizeRel|Win32.Build.0 = MinSizeRel|Win32
		{158FED03-CFE3-3AB5-852D-BC994768FF08}.RelWithDebInfo|Win32.ActiveCfg = RelWithDebInfo|Win32
		{158FED03-CFE3-3AB5-852D-BC994768FF08}.RelWithDebInfo|Win32.Build.0 = RelWithDebInfo|Win32
		{1C7E02BA-F8BE-33DA-90C1-F83C63DA0A33}.Debug|Win32.ActiveCfg = Debug|Win32
		{1C7E02BA-F8BE-33DA-90C1-F83C63DA0A33}.Debug|Win32.Build.0 = Debug|Win32
		{1C7E02BA-F8BE-33DA-90C1-F83C63DA0A33}.Release|Win32.ActiveCfg = Release|Win32
		{1C7E02BA-F8BE-33DA-90C1-F83C63DA0A33}.Release|Win32.Build.0 = Release|Win32
		{1C7E02BA-F8BE-33DA-90C1-F83C63DA0A33}.MinSizeRel|Win32.ActiveCfg = MinSizeRel|Win32
		{1C7E02BA-F8BE-33DA-90C1-F83C63DA0A33}.MinSizeRel|Win32.Build.0 = MinSizeRel|Win32
		{1C7E02BA-F8BE-33DA-90C1-F83C63DA0A33}.RelWithDebInfo|Win32.ActiveCfg = RelWithDebInfo|Win32
		{1C7E02BA-F8BE-33DA-90C1-F83C63DA0A33}.RelWithDebInfo|Win32.Build.0 = RelWithDebInfo|Win32
		{F26DAD86-4874-30E9-8AC9-528C045197E9}.Debug|Win32.ActiveCfg = Debug|Win32
		{F26DAD86-4874-30E9-8AC9-528C045197E9}.Debug|Win32.Build.0 = Debug|Win32
		{F26DAD86-4874-30E9-8AC9-528C045197E9}.Release|Win32.ActiveCfg = Release|Win32
		{F26DAD86-4874-30E9-8AC9-528C045197E9}.Release|Win32.Build.0 = Release|Win32
		{F26DAD86-4874-30E9-8AC9-528C045197E9}.MinSizeRel|Win32.ActiveCfg = MinSizeRel|Win32
		{F26DAD86-4874-30E9-8AC9-528C045197E9}.MinSizeRel|Win32.Build.0 = MinSizeRel|Win32
		{F26DAD86-4874-30E9-8AC9-528C045197E9}.RelWithDebInfo|Win32.ActiveCfg = RelWithDebInfo|Win32
		{F26DAD86-4874-30E9-8AC9-528C045197E9}.RelWithDebInfo|Win32.Build.0 = RelWithDebInfo|Win32
		{67D9026B-DA6A-3FCD-AC20-60AC74F57148}.Debug|Win32.ActiveCfg = Debug|Win32
		{67D9026B-DA6A-3FCD-AC20-60AC74F57148}.Debug|Win32.Build.0 = Debug|Win32
		{67D9026B-DA6A-3FCD-AC20-60AC74F57148}.Release|Win32.ActiveCfg = Release|Win32
		{67D9026B-DA6A-3FCD-AC20-60AC74F57148}.Release|Win32.Build.0 = Release|Win32
		{67D9026B-DA6A-3FCD-AC20-60AC74F57148}.MinSizeRel|Win32.ActiveCfg = MinSizeRel|Win32
		{67D9026B-DA6A-3FCD-AC20-60AC74F57148}.MinSizeRel|Win32.Build.0 = MinSizeRel|Win32
		{67D9026B-DA6A-3FCD-AC20-60AC74F57148}.RelWithDebInfo|Win32.ActiveCfg = RelWithDebInfo|Win32
		{67D9026B-DA6A-3FCD-AC20-60AC74F57148}.RelWithDebInfo|Win32.Build.0 = RelWithDebInfo|Win32
		{C0FBD1A0-FF4F-3EB1-B395-CD276598E3D9}.Debug|Win32.ActiveCfg = Debug|Win32
		{C0FBD1A0-FF4F-3EB1-B395-CD276598E3D9}.Debug|Win32.Build.0 = Debug|Win32
		{C0FBD1A0-FF4F-3EB1-B395-CD276598E3D9}.Release|Win32.ActiveCfg = Release|Win32
		{C0FBD1A0-FF4F-3EB1-B395-CD276598E3D9}.Release|Win32.Build.0 = Release|Win32
		{C0FBD1A0-FF4F-3EB1-B395-CD276598E3D9}.MinSizeRel|Win32.ActiveCfg = MinSizeRel|Win32
		{C0FBD1A0-FF4F-3EB1-B395-CD276598E3D9}.MinSizeRel|Win32.Build.0 = MinSizeRel|Win32
		{C0FBD1A0-FF4F-3EB1-B395-CD276598E3D9}.RelWithDebInfo|Win32.ActiveCfg = RelWithDebInfo|Win32
		{C0FBD1A0-FF4F-3EB1-B395-CD276598E3D9}.RelWithDebInfo|Win32.Build.0 = RelWithDebInfo|Win32
		{7EB96452-4BCA-33E5-90BD-5F82118D9F38}.Debug|Win32.ActiveCfg = Debug|Win32
		{7EB96452-4BCA-33E5-90BD-5F82118D9F38}.Debug|Win32.Build.0 = Debug|Win32
		{7EB96452-4BCA-33E5-90BD-5F82118D9F38}.Release|Win32.ActiveCfg = Release|Win32
		{7EB96452-4BCA-33E5-90BD-5F82118D9F38}.Release|Win32.Build.0 = Release|Win32
		{7EB96452-4BCA-33E5-90BD-5F82118D9F38}.MinSizeRel|Win32.ActiveCfg = MinSizeRel|Win32
		{7EB96452-4BCA-33E5-90BD-5F82118D9F38}.MinSizeRel|Win32.Build.0 = MinSizeRel|Win32
		{7EB96452-4BCA-33E5-90BD-5F82118D9F38}.RelWithDebInfo|Win32.ActiveCfg = RelWithDebInfo|Win32
		{7EB96452-4BCA-33E5-90BD-5F82118D9F38}.RelWithDebInfo|Win32.Build.0 = RelWithDebInfo|Win32
		{94BC72E3-1870-36D0-88F1-376160D3CB25}.Debug|Win32.ActiveCfg = Debug|Win32
		{94BC72E3-1870-36D0-88F1-376160D3CB25}.Debug|Win32.Build.0 = Debug|Win32
		{94BC72E3-1870-36D0-88F1-376160D3CB25}.Release|Win32.ActiveCfg = Release|Win32
		{94BC72E3-1870-36D0-88F1-376160D3CB25}.Release|Win32.Build.0 = Release|Win32
		{94BC72E3-1870-36D0-88F1-376160D3CB25}.MinSizeRel|Win32.ActiveCfg = MinSizeRel|Win32
		{94BC72E3-1870-36D0-88F1-376160D3CB25}.MinSizeRel|Win32.Build.0 = MinSizeRel|Win32
		{94BC72E3-1870-36D0-88F1-376160D3CB25}.RelWithDebInfo|Win32.ActiveCfg = RelWithDebInfo|Win32
		{94BC72E3-1870-36D0-88F1-376160D3CB25}.RelWithDebInfo|Win32.Build.0 = RelWithDebInfo|Win32
		{E63E851C-0D0F-34A4-83AB-141CA832ECC3}.Debug|Win32.ActiveCfg = Debug|Win32
		{E63E851C-0D0F-34A4-83AB-141CA832ECC3}.Debug|Win32.Build.0 = Debug|Win32
		{E63E851C-0D0F-34A4-83AB-141CA832ECC3}.Release|Win32.ActiveCfg = Release|Win32
		{E63E851C-0D0F-34A4-83AB-141CA832ECC3}.Release|Win32.Build.0 = Release|Win32
		{E63E851C-0D0F-34A4-83AB-141CA832ECC3}.MinSizeRel|Win32.ActiveCfg = MinSizeRel|Win32
		{E63E851C-0D0F-34A4-83AB-141CA832ECC3}.MinSizeRel|Win32.Build.0 = MinSizeRel|Win32
		{E63E851C-0D0F-34A4-83AB-141CA832ECC3}.RelWithDebInfo|Win32.ActiveCfg = RelWithDebInfo|Win32
		{E63E851C-0D0F-34A4-83AB-141CA832ECC3}.RelWithDebInfo|Win32.Build.0 = RelWithDebInfo|Win32
		{B7EB626D-DF7E-3023-92C8-4DF0D58A3F1C}.Debug|Win32.ActiveCfg = Debug|Win32
		{B7EB626D-DF7E-3023-92C8-4DF0D58A3F1C}.Debug|Win32.Build.0 = Debug|Win32
		{B7EB626D-DF7E-3023-92C8-4DF0D58A3F1C}.Release|Win32.ActiveCfg = Release|Win32
		{B7EB626D-DF7E-3023-92C8-4DF0D58A3F1C}.Release|Win32.Build.0 = Release|Win32
		{B7EB626D-DF7E-3023-92C8-4DF0D58A3F1C}.MinSizeRel|Win32.ActiveCfg = MinSizeRel|Win32
		{B7EB626D-DF7E-3023-92C8-4DF0D58A3F1C}.MinSizeRel|Win32.Build.0 = MinSizeRel|Win32
		{B7EB626D-DF7E-3023-92C8-4DF0D58A3F1C}.RelWithDebInfo|Win32.ActiveCfg = RelWithDebInfo|Win32
		{B7EB626D-DF7E-3023-92C8-4DF0D58A3F1C}.RelWithDebInfo|Win32.Build.0 = RelWithDebInfo|Win32
	EndGlobalSection
	GlobalSection(ExtensibilityGlobals) = postSolution
		SolutionGuid = {D6F711F4-7D35-35A2-B2C6-747D3A9A0669}
	EndGlobalSection
	GlobalSection(ExtensibilityAddIns) = postSolution
	EndGlobalSection
EndGlobal
